
Microsoft Visual Studio Solution File, Format Version 12.00
# Visual Studio Version 16
VisualStudioVersion = 16.0.30503.244
MinimumVisualStudioVersion = 10.0.40219.1
Project("{9A19103F-16F7-4668-BE54-9A1E7A4F7556}") = "hex.api", "hex.api\hex.api.csproj", "{E15F2006-D02C-44D7-9D95-273E48889F52}"
EndProject
Project("{9A19103F-16F7-4668-BE54-9A1E7A4F7556}") = "hex.observer", "hex.observer\hex.observer.csproj", "{5066202D-BCEB-45B4-BABC-6A39577669BC}"
EndProject
Project("{9A19103F-16F7-4668-BE54-9A1E7A4F7556}") = "hex.common", "hex.common\hex.common.csproj", "{9566F920-0D60-4F74-9F8B-3CEA1E4655F3}"
EndProject
Project("{9A19103F-16F7-4668-BE54-9A1E7A4F7556}") = "hex.observer.simulator", "hex.observer.simulator\hex.observer.simulator.csproj", "{678A83E2-7082-4E56-9CA6-CC849723EDAE}"
EndProject
Project("{9A19103F-16F7-4668-BE54-9A1E7A4F7556}") = "hex.observer.common", "hex.observer.common\hex.observer.common.csproj", "{A3643106-CBE8-4B9E-898F-E36E3902BF7C}"
EndProject
Project("{FAE04EC0-301F-11D3-BF4B-00C04F79EFBC}") = "hex.observer.windows", "hex.observer.windows\hex.observer.windows.csproj", "{DC41C0D8-1098-4FD0-8D11-EB8B0511F78A}"
EndProject
Global
	GlobalSection(SolutionConfigurationPlatforms) = preSolution
		Debug|Any CPU = Debug|Any CPU
		Debug|ARM = Debug|ARM
		Debug|ARM64 = Debug|ARM64
		Debug|x64 = Debug|x64
		Debug|x86 = Debug|x86
		Release|Any CPU = Release|Any CPU
		Release|ARM = Release|ARM
		Release|ARM64 = Release|ARM64
		Release|x64 = Release|x64
		Release|x86 = Release|x86
	EndGlobalSection
	GlobalSection(ProjectConfigurationPlatforms) = postSolution
		{E15F2006-D02C-44D7-9D95-273E48889F52}.Debug|Any CPU.ActiveCfg = Debug|Any CPU
		{E15F2006-D02C-44D7-9D95-273E48889F52}.Debug|Any CPU.Build.0 = Debug|Any CPU
		{E15F2006-D02C-44D7-9D95-273E48889F52}.Debug|ARM.ActiveCfg = Debug|Any CPU
		{E15F2006-D02C-44D7-9D95-273E48889F52}.Debug|ARM.Build.0 = Debug|Any CPU
		{E15F2006-D02C-44D7-9D95-273E48889F52}.Debug|ARM64.ActiveCfg = Debug|Any CPU
		{E15F2006-D02C-44D7-9D95-273E48889F52}.Debug|ARM64.Build.0 = Debug|Any CPU
		{E15F2006-D02C-44D7-9D95-273E48889F52}.Debug|x64.ActiveCfg = Debug|Any CPU
		{E15F2006-D02C-44D7-9D95-273E48889F52}.Debug|x64.Build.0 = Debug|Any CPU
		{E15F2006-D02C-44D7-9D95-273E48889F52}.Debug|x86.ActiveCfg = Debug|Any CPU
		{E15F2006-D02C-44D7-9D95-273E48889F52}.Debug|x86.Build.0 = Debug|Any CPU
		{E15F2006-D02C-44D7-9D95-273E48889F52}.Release|Any CPU.ActiveCfg = Release|Any CPU
		{E15F2006-D02C-44D7-9D95-273E48889F52}.Release|Any CPU.Build.0 = Release|Any CPU
		{E15F2006-D02C-44D7-9D95-273E48889F52}.Release|ARM.ActiveCfg = Release|Any CPU
		{E15F2006-D02C-44D7-9D95-273E48889F52}.Release|ARM.Build.0 = Release|Any CPU
		{E15F2006-D02C-44D7-9D95-273E48889F52}.Release|ARM64.ActiveCfg = Release|Any CPU
		{E15F2006-D02C-44D7-9D95-273E48889F52}.Release|ARM64.Build.0 = Release|Any CPU
		{E15F2006-D02C-44D7-9D95-273E48889F52}.Release|x64.ActiveCfg = Release|Any CPU
		{E15F2006-D02C-44D7-9D95-273E48889F52}.Release|x64.Build.0 = Release|Any CPU
		{E15F2006-D02C-44D7-9D95-273E48889F52}.Release|x86.ActiveCfg = Release|Any CPU
		{E15F2006-D02C-44D7-9D95-273E48889F52}.Release|x86.Build.0 = Release|Any CPU
		{5066202D-BCEB-45B4-BABC-6A39577669BC}.Debug|Any CPU.ActiveCfg = Debug|Any CPU
		{5066202D-BCEB-45B4-BABC-6A39577669BC}.Debug|Any CPU.Build.0 = Debug|Any CPU
		{5066202D-BCEB-45B4-BABC-6A39577669BC}.Debug|ARM.ActiveCfg = Debug|Any CPU
		{5066202D-BCEB-45B4-BABC-6A39577669BC}.Debug|ARM.Build.0 = Debug|Any CPU
		{5066202D-BCEB-45B4-BABC-6A39577669BC}.Debug|ARM64.ActiveCfg = Debug|Any CPU
		{5066202D-BCEB-45B4-BABC-6A39577669BC}.Debug|ARM64.Build.0 = Debug|Any CPU
		{5066202D-BCEB-45B4-BABC-6A39577669BC}.Debug|x64.ActiveCfg = Debug|Any CPU
		{5066202D-BCEB-45B4-BABC-6A39577669BC}.Debug|x64.Build.0 = Debug|Any CPU
		{5066202D-BCEB-45B4-BABC-6A39577669BC}.Debug|x86.ActiveCfg = Debug|Any CPU
		{5066202D-BCEB-45B4-BABC-6A39577669BC}.Debug|x86.Build.0 = Debug|Any CPU
		{5066202D-BCEB-45B4-BABC-6A39577669BC}.Release|Any CPU.ActiveCfg = Release|Any CPU
		{5066202D-BCEB-45B4-BABC-6A39577669BC}.Release|Any CPU.Build.0 = Release|Any CPU
		{5066202D-BCEB-45B4-BABC-6A39577669BC}.Release|ARM.ActiveCfg = Release|Any CPU
		{5066202D-BCEB-45B4-BABC-6A39577669BC}.Release|ARM.Build.0 = Release|Any CPU
		{5066202D-BCEB-45B4-BABC-6A39577669BC}.Release|ARM64.ActiveCfg = Release|Any CPU
		{5066202D-BCEB-45B4-BABC-6A39577669BC}.Release|ARM64.Build.0 = Release|Any CPU
		{5066202D-BCEB-45B4-BABC-6A39577669BC}.Release|x64.ActiveCfg = Release|Any CPU
		{5066202D-BCEB-45B4-BABC-6A39577669BC}.Release|x64.Build.0 = Release|Any CPU
		{5066202D-BCEB-45B4-BABC-6A39577669BC}.Release|x86.ActiveCfg = Release|Any CPU
		{5066202D-BCEB-45B4-BABC-6A39577669BC}.Release|x86.Build.0 = Release|Any CPU
		{9566F920-0D60-4F74-9F8B-3CEA1E4655F3}.Debug|Any CPU.ActiveCfg = Debug|Any CPU
		{9566F920-0D60-4F74-9F8B-3CEA1E4655F3}.Debug|Any CPU.Build.0 = Debug|Any CPU
		{9566F920-0D60-4F74-9F8B-3CEA1E4655F3}.Debug|ARM.ActiveCfg = Debug|Any CPU
		{9566F920-0D60-4F74-9F8B-3CEA1E4655F3}.Debug|ARM.Build.0 = Debug|Any CPU
		{9566F920-0D60-4F74-9F8B-3CEA1E4655F3}.Debug|ARM64.ActiveCfg = Debug|Any CPU
		{9566F920-0D60-4F74-9F8B-3CEA1E4655F3}.Debug|ARM64.Build.0 = Debug|Any CPU
		{9566F920-0D60-4F74-9F8B-3CEA1E4655F3}.Debug|x64.ActiveCfg = Debug|Any CPU
		{9566F920-0D60-4F74-9F8B-3CEA1E4655F3}.Debug|x64.Build.0 = Debug|Any CPU
		{9566F920-0D60-4F74-9F8B-3CEA1E4655F3}.Debug|x86.ActiveCfg = Debug|Any CPU
		{9566F920-0D60-4F74-9F8B-3CEA1E4655F3}.Debug|x86.Build.0 = Debug|Any CPU
		{9566F920-0D60-4F74-9F8B-3CEA1E4655F3}.Release|Any CPU.ActiveCfg = Release|Any CPU
		{9566F920-0D60-4F74-9F8B-3CEA1E4655F3}.Release|Any CPU.Build.0 = Release|Any CPU
		{9566F920-0D60-4F74-9F8B-3CEA1E4655F3}.Release|ARM.ActiveCfg = Release|Any CPU
		{9566F920-0D60-4F74-9F8B-3CEA1E4655F3}.Release|ARM.Build.0 = Release|Any CPU
		{9566F920-0D60-4F74-9F8B-3CEA1E4655F3}.Release|ARM64.ActiveCfg = Release|Any CPU
		{9566F920-0D60-4F74-9F8B-3CEA1E4655F3}.Release|ARM64.Build.0 = Release|Any CPU
		{9566F920-0D60-4F74-9F8B-3CEA1E4655F3}.Release|x64.ActiveCfg = Release|Any CPU
		{9566F920-0D60-4F74-9F8B-3CEA1E4655F3}.Release|x64.Build.0 = Release|Any CPU
		{9566F920-0D60-4F74-9F8B-3CEA1E4655F3}.Release|x86.ActiveCfg = Release|Any CPU
		{9566F920-0D60-4F74-9F8B-3CEA1E4655F3}.Release|x86.Build.0 = Release|Any CPU
		{678A83E2-7082-4E56-9CA6-CC849723EDAE}.Debug|Any CPU.ActiveCfg = Debug|Any CPU
		{678A83E2-7082-4E56-9CA6-CC849723EDAE}.Debug|Any CPU.Build.0 = Debug|Any CPU
		{678A83E2-7082-4E56-9CA6-CC849723EDAE}.Debug|ARM.ActiveCfg = Debug|Any CPU
		{678A83E2-7082-4E56-9CA6-CC849723EDAE}.Debug|ARM.Build.0 = Debug|Any CPU
		{678A83E2-7082-4E56-9CA6-CC849723EDAE}.Debug|ARM64.ActiveCfg = Debug|Any CPU
		{678A83E2-7082-4E56-9CA6-CC849723EDAE}.Debug|ARM64.Build.0 = Debug|Any CPU
		{678A83E2-7082-4E56-9CA6-CC849723EDAE}.Debug|x64.ActiveCfg = Debug|Any CPU
		{678A83E2-7082-4E56-9CA6-CC849723EDAE}.Debug|x64.Build.0 = Debug|Any CPU
		{678A83E2-7082-4E56-9CA6-CC849723EDAE}.Debug|x86.ActiveCfg = Debug|Any CPU
		{678A83E2-7082-4E56-9CA6-CC849723EDAE}.Debug|x86.Build.0 = Debug|Any CPU
		{678A83E2-7082-4E56-9CA6-CC849723EDAE}.Release|Any CPU.ActiveCfg = Release|Any CPU
		{678A83E2-7082-4E56-9CA6-CC849723EDAE}.Release|Any CPU.Build.0 = Release|Any CPU
		{678A83E2-7082-4E56-9CA6-CC849723EDAE}.Release|ARM.ActiveCfg = Release|Any CPU
		{678A83E2-7082-4E56-9CA6-CC849723EDAE}.Release|ARM.Build.0 = Release|Any CPU
		{678A83E2-7082-4E56-9CA6-CC849723EDAE}.Release|ARM64.ActiveCfg = Release|Any CPU
		{678A83E2-7082-4E56-9CA6-CC849723EDAE}.Release|ARM64.Build.0 = Release|Any CPU
		{678A83E2-7082-4E56-9CA6-CC849723EDAE}.Release|x64.ActiveCfg = Release|Any CPU
		{678A83E2-7082-4E56-9CA6-CC849723EDAE}.Release|x64.Build.0 = Release|Any CPU
		{678A83E2-7082-4E56-9CA6-CC849723EDAE}.Release|x86.ActiveCfg = Release|Any CPU
		{678A83E2-7082-4E56-9CA6-CC849723EDAE}.Release|x86.Build.0 = Release|Any CPU
		{A3643106-CBE8-4B9E-898F-E36E3902BF7C}.Debug|Any CPU.ActiveCfg = Debug|Any CPU
		{A3643106-CBE8-4B9E-898F-E36E3902BF7C}.Debug|Any CPU.Build.0 = Debug|Any CPU
		{A3643106-CBE8-4B9E-898F-E36E3902BF7C}.Debug|ARM.ActiveCfg = Debug|Any CPU
		{A3643106-CBE8-4B9E-898F-E36E3902BF7C}.Debug|ARM.Build.0 = Debug|Any CPU
		{A3643106-CBE8-4B9E-898F-E36E3902BF7C}.Debug|ARM64.ActiveCfg = Debug|Any CPU
		{A3643106-CBE8-4B9E-898F-E36E3902BF7C}.Debug|ARM64.Build.0 = Debug|Any CPU
		{A3643106-CBE8-4B9E-898F-E36E3902BF7C}.Debug|x64.ActiveCfg = Debug|Any CPU
		{A3643106-CBE8-4B9E-898F-E36E3902BF7C}.Debug|x64.Build.0 = Debug|Any CPU
		{A3643106-CBE8-4B9E-898F-E36E3902BF7C}.Debug|x86.ActiveCfg = Debug|Any CPU
		{A3643106-CBE8-4B9E-898F-E36E3902BF7C}.Debug|x86.Build.0 = Debug|Any CPU
		{A3643106-CBE8-4B9E-898F-E36E3902BF7C}.Release|Any CPU.ActiveCfg = Release|Any CPU
		{A3643106-CBE8-4B9E-898F-E36E3902BF7C}.Release|Any CPU.Build.0 = Release|Any CPU
		{A3643106-CBE8-4B9E-898F-E36E3902BF7C}.Release|ARM.ActiveCfg = Release|Any CPU
		{A3643106-CBE8-4B9E-898F-E36E3902BF7C}.Release|ARM.Build.0 = Release|Any CPU
		{A3643106-CBE8-4B9E-898F-E36E3902BF7C}.Release|ARM64.ActiveCfg = Release|Any CPU
		{A3643106-CBE8-4B9E-898F-E36E3902BF7C}.Release|ARM64.Build.0 = Release|Any CPU
		{A3643106-CBE8-4B9E-898F-E36E3902BF7C}.Release|x64.ActiveCfg = Release|Any CPU
		{A3643106-CBE8-4B9E-898F-E36E3902BF7C}.Release|x64.Build.0 = Release|Any CPU
		{A3643106-CBE8-4B9E-898F-E36E3902BF7C}.Release|x86.ActiveCfg = Release|Any CPU
		{A3643106-CBE8-4B9E-898F-E36E3902BF7C}.Release|x86.Build.0 = Release|Any CPU
		{DC41C0D8-1098-4FD0-8D11-EB8B0511F78A}.Debug|Any CPU.ActiveCfg = Debug|x86
		{DC41C0D8-1098-4FD0-8D11-EB8B0511F78A}.Debug|ARM.ActiveCfg = Debug|ARM
		{DC41C0D8-1098-4FD0-8D11-EB8B0511F78A}.Debug|ARM.Build.0 = Debug|ARM
		{DC41C0D8-1098-4FD0-8D11-EB8B0511F78A}.Debug|ARM.Deploy.0 = Debug|ARM
		{DC41C0D8-1098-4FD0-8D11-EB8B0511F78A}.Debug|ARM64.ActiveCfg = Debug|ARM64
		{DC41C0D8-1098-4FD0-8D11-EB8B0511F78A}.Debug|ARM64.Build.0 = Debug|ARM64
		{DC41C0D8-1098-4FD0-8D11-EB8B0511F78A}.Debug|ARM64.Deploy.0 = Debug|ARM64
		{DC41C0D8-1098-4FD0-8D11-EB8B0511F78A}.Debug|x64.ActiveCfg = Debug|x64
		{DC41C0D8-1098-4FD0-8D11-EB8B0511F78A}.Debug|x64.Build.0 = Debug|x64
		{DC41C0D8-1098-4FD0-8D11-EB8B0511F78A}.Debug|x64.Deploy.0 = Debug|x64
		{DC41C0D8-1098-4FD0-8D11-EB8B0511F78A}.Debug|x86.ActiveCfg = Debug|x86
		{DC41C0D8-1098-4FD0-8D11-EB8B0511F78A}.Debug|x86.Build.0 = Debug|x86
		{DC41C0D8-1098-4FD0-8D11-EB8B0511F78A}.Debug|x86.Deploy.0 = Debug|x86
		{DC41C0D8-1098-4FD0-8D11-EB8B0511F78A}.Release|Any CPU.ActiveCfg = Release|x86
		{DC41C0D8-1098-4FD0-8D11-EB8B0511F78A}.Release|ARM.ActiveCfg = Release|ARM
		{DC41C0D8-1098-4FD0-8D11-EB8B0511F78A}.Release|ARM.Build.0 = Release|ARM
		{DC41C0D8-1098-4FD0-8D11-EB8B0511F78A}.Release|ARM.Deploy.0 = Release|ARM
		{DC41C0D8-1098-4FD0-8D11-EB8B0511F78A}.Release|ARM64.ActiveCfg = Release|ARM64
		{DC41C0D8-1098-4FD0-8D11-EB8B0511F78A}.Release|ARM64.Build.0 = Release|ARM64
		{DC41C0D8-1098-4FD0-8D11-EB8B0511F78A}.Release|ARM64.Deploy.0 = Release|ARM64
		{DC41C0D8-1098-4FD0-8D11-EB8B0511F78A}.Release|x64.ActiveCfg = Release|x64
		{DC41C0D8-1098-4FD0-8D11-EB8B0511F78A}.Release|x64.Build.0 = Release|x64
		{DC41C0D8-1098-4FD0-8D11-EB8B0511F78A}.Release|x64.Deploy.0 = Release|x64
		{DC41C0D8-1098-4FD0-8D11-EB8B0511F78A}.Release|x86.ActiveCfg = Release|x86
		{DC41C0D8-1098-4FD0-8D11-EB8B0511F78A}.Release|x86.Build.0 = Release|x86
		{DC41C0D8-1098-4FD0-8D11-EB8B0511F78A}.Release|x86.Deploy.0 = Release|x86
	EndGlobalSection
	GlobalSection(SolutionProperties) = preSolution
		HideSolutionNode = FALSE
	EndGlobalSection
	GlobalSection(ExtensibilityGlobals) = postSolution
		SolutionGuid = {6C0B6C6E-BFAB-4323-8ECE-2BF90F93A281}
	EndGlobalSection
EndGlobal
